
Microsoft Visual Studio Solution File, Format Version 12.00
# Visual Studio Version 17
VisualStudioVersion = 17.5.002.0
MinimumVisualStudioVersion = 10.0.40219.1
Project("{9A19103F-16F7-4668-BE54-9A1E7A4F7556}") = "PrometheusMetricsAPI", "PrometheusMetricsAPI\PrometheusMetricsAPI.csproj", "{8577A844-DF03-4E76-9FD7-C468199BB747}"
EndProject
Global
	GlobalSection(SolutionConfigurationPlatforms) = preSolution
		Debug|Any CPU = Debug|Any CPU
		Release|Any CPU = Release|Any CPU
	EndGlobalSection
	GlobalSection(ProjectConfigurationPlatforms) = postSolution
		{8577A844-DF03-4E76-9FD7-C468199BB747}.Debug|Any CPU.ActiveCfg = Debug|Any CPU
		{8577A844-DF03-4E76-9FD7-C468199BB747}.Debug|Any CPU.Build.0 = Debug|Any CPU
		{8577A844-DF03-4E76-9FD7-C468199BB747}.Release|Any CPU.ActiveCfg = Release|Any CPU
		{8577A844-DF03-4E76-9FD7-C468199BB747}.Release|Any CPU.Build.0 = Release|Any CPU
	EndGlobalSection
	GlobalSection(SolutionProperties) = preSolution
		HideSolutionNode = FALSE
	EndGlobalSection
	GlobalSection(ExtensibilityGlobals) = postSolution
		SolutionGuid = {644ED5FF-5E0A-467D-9894-44D3EFA2C378}
	EndGlobalSection
EndGlobal
